
Microsoft Visual Studio Solution File, Format Version 12.00
# Visual Studio Version 16
VisualStudioVersion = 16.0.29709.97
MinimumVisualStudioVersion = 10.0.40219.1
Project("{FAE04EC0-301F-11D3-BF4B-00C04F79EFBC}") = "Interfaz", "Interfaz\Interfaz.csproj", "{FE0EC4D8-26BA-4638-BA9A-39AEC65301E5}"
EndProject
Global
	GlobalSection(SolutionConfigurationPlatforms) = preSolution
		Debug|Any CPU = Debug|Any CPU
		Release|Any CPU = Release|Any CPU
	EndGlobalSection
	GlobalSection(ProjectConfigurationPlatforms) = postSolution
		{FE0EC4D8-26BA-4638-BA9A-39AEC65301E5}.Debug|Any CPU.ActiveCfg = Debug|Any CPU
		{FE0EC4D8-26BA-4638-BA9A-39AEC65301E5}.Debug|Any CPU.Build.0 = Debug|Any CPU
		{FE0EC4D8-26BA-4638-BA9A-39AEC65301E5}.Release|Any CPU.ActiveCfg = Release|Any CPU
		{FE0EC4D8-26BA-4638-BA9A-39AEC65301E5}.Release|Any CPU.Build.0 = Release|Any CPU
	EndGlobalSection
	GlobalSection(SolutionProperties) = preSolution
		HideSolutionNode = FALSE
	EndGlobalSection
	GlobalSection(ExtensibilityGlobals) = postSolution
		SolutionGuid = {09BED508-46A0-4374-9DF7-33FC1B8A9801}
	EndGlobalSection
EndGlobal
